{
  "name": "ControlAcuarios",
  "version": "0.0.0",
  "lockfileVersion": 1,
  "requires": true,
  "dependencies": {
    "axios": {
      "version": "0.16.2",
      "resolved": "https://registry.npmjs.org/axios/-/axios-0.16.2.tgz",
      "integrity": "sha1-uk+S8XFn37q0CYN4VFS5rBScPG0=",
      "requires": {
        "follow-redirects": "^1.2.3",
        "is-buffer": "^1.1.5"
      }
    },
    "bindings": {
      "version": "1.5.0",
      "resolved": "https://registry.npmjs.org/bindings/-/bindings-1.5.0.tgz",
      "integrity": "sha512-p2q/t/mhvuOj/UeLlV6566GD/guowlr0hHxClI0W9m7MWYkL1F0hLo+0Aexs9HSPCtR1SXQ0TD3MMKrXZajbiQ==",
      "requires": {
        "file-uri-to-path": "1.0.0"
      }
    },
    "debug": {
      "version": "3.2.6",
      "resolved": "https://registry.npmjs.org/debug/-/debug-3.2.6.tgz",
      "integrity": "sha512-mel+jf7nrtEl5Pn1Qx46zARXKDpBbvzezse7p7LqINmdoIk8PYP5SySaxEmYv6TZ0JyEKA1hsCId6DIhgITtWQ==",
      "requires": {
        "ms": "^2.1.1"
      }
    },
    "ds18b20-raspi": {
      "version": "0.3.3",
      "resolved": "https://registry.npmjs.org/ds18b20-raspi/-/ds18b20-raspi-0.3.3.tgz",
      "integrity": "sha1-CxppPg4uH90wYmghJSB8pUoT27c=",
      "requires": {
        "async": "^2.6.1",
        "cli-table3": "^0.5.0",
        "meow": "^5.0.0",
        "round-to": "^3.0.0"
      },
      "dependencies": {
        "async": {
          "version": "2.6.2",
          "resolved": "https://registry.npmjs.org/async/-/async-2.6.2.tgz",
          "integrity": "sha1-GDMOp+bjE4h/XS8qkEusb+TdU4E=",
          "requires": {
            "lodash": "^4.17.11"
          },
          "dependencies": {
            "lodash": {
              "version": "4.17.11",
              "resolved": "https://registry.npmjs.org/lodash/-/lodash-4.17.11.tgz",
              "integrity": "sha1-s56mIp72B+zYniyN8SU2iRysm40="
            }
          }
        },
        "cli-table3": {
          "version": "0.5.1",
          "resolved": "https://registry.npmjs.org/cli-table3/-/cli-table3-0.5.1.tgz",
          "integrity": "sha1-AlI3LZTfxA29jfBgBfSPMfZW8gI=",
          "requires": {
            "colors": "^1.1.2",
            "object-assign": "^4.1.0",
            "string-width": "^2.1.1"
          },
          "dependencies": {
            "colors": {
              "version": "1.3.3",
              "resolved": "https://registry.npmjs.org/colors/-/colors-1.3.3.tgz",
              "integrity": "sha1-OeAF1Uav4B4B+cTKj6UPaGoBIF0=",
              "optional": true
            },
            "object-assign": {
              "version": "4.1.1",
              "resolved": "https://registry.npmjs.org/object-assign/-/object-assign-4.1.1.tgz",
              "integrity": "sha1-IQmtx5ZYh8/AXLvUQsrIv7s2CGM="
            },
            "string-width": {
              "version": "2.1.1",
              "resolved": "https://registry.npmjs.org/string-width/-/string-width-2.1.1.tgz",
              "integrity": "sha1-q5Pyeo3BPSjKyBXEYhQ6bZASrp4=",
              "requires": {
                "is-fullwidth-code-point": "^2.0.0",
                "strip-ansi": "^4.0.0"
              },
              "dependencies": {
                "is-fullwidth-code-point": {
                  "version": "2.0.0",
                  "resolved": "https://registry.npmjs.org/is-fullwidth-code-point/-/is-fullwidth-code-point-2.0.0.tgz",
                  "integrity": "sha1-o7MKXE8ZkYMWeqq5O+764937ZU8="
                },
                "strip-ansi": {
                  "version": "4.0.0",
                  "resolved": "https://registry.npmjs.org/strip-ansi/-/strip-ansi-4.0.0.tgz",
                  "integrity": "sha1-qEeQIusaw2iocTibY1JixQXuNo8=",
                  "requires": {
                    "ansi-regex": "^3.0.0"
                  },
                  "dependencies": {
                    "ansi-regex": {
                      "version": "3.0.0",
                      "resolved": "https://registry.npmjs.org/ansi-regex/-/ansi-regex-3.0.0.tgz",
                      "integrity": "sha1-7QMXwyIGT3lGbAKWa922Bas32Zg="
                    }
                  }
                }
              }
            }
          }
        },
        "meow": {
          "version": "5.0.0",
          "resolved": "https://registry.npmjs.org/meow/-/meow-5.0.0.tgz",
          "integrity": "sha1-38c9Y6mvxxSl43F2DrXIi5EHiqQ=",
          "requires": {
            "camelcase-keys": "^4.0.0",
            "decamelize-keys": "^1.0.0",
            "loud-rejection": "^1.0.0",
            "minimist-options": "^3.0.1",
            "normalize-package-data": "^2.3.4",
            "read-pkg-up": "^3.0.0",
            "redent": "^2.0.0",
            "trim-newlines": "^2.0.0",
            "yargs-parser": "^10.0.0"
          },
          "dependencies": {
            "camelcase-keys": {
              "version": "4.2.0",
              "resolved": "https://registry.npmjs.org/camelcase-keys/-/camelcase-keys-4.2.0.tgz",
              "integrity": "sha1-oqpfsa9oh1glnDLBQUJteJI7m3c=",
              "requires": {
                "camelcase": "^4.1.0",
                "map-obj": "^2.0.0",
                "quick-lru": "^1.0.0"
              },
              "dependencies": {
                "camelcase": {
                  "version": "4.1.0",
                  "resolved": "https://registry.npmjs.org/camelcase/-/camelcase-4.1.0.tgz",
                  "integrity": "sha1-1UVjW+HjPFQmScaRc+Xeas+uNN0="
                },
                "map-obj": {
                  "version": "2.0.0",
                  "resolved": "https://registry.npmjs.org/map-obj/-/map-obj-2.0.0.tgz",
                  "integrity": "sha1-plzSkIepJZi4eRJXpSPgISIqwfk="
                },
                "quick-lru": {
                  "version": "1.1.0",
                  "resolved": "https://registry.npmjs.org/quick-lru/-/quick-lru-1.1.0.tgz",
                  "integrity": "sha1-Q2CxfGETatOAeDl/8RQW4Ybc+7g="
                }
              }
            },
            "decamelize-keys": {
              "version": "1.1.0",
              "resolved": "https://registry.npmjs.org/decamelize-keys/-/decamelize-keys-1.1.0.tgz",
              "integrity": "sha1-0XGoeTMlKAfrPLYdwcFEXQeN8tk=",
              "requires": {
                "decamelize": "^1.1.0",
                "map-obj": "^1.0.0"
              },
              "dependencies": {
                "decamelize": {
                  "version": "1.2.0",
                  "resolved": "https://registry.npmjs.org/decamelize/-/decamelize-1.2.0.tgz",
                  "integrity": "sha1-9lNNFRSCabIDUue+4m9QH5oZEpA="
                },
                "map-obj": {
                  "version": "1.0.1",
                  "resolved": "https://registry.npmjs.org/map-obj/-/map-obj-1.0.1.tgz",
                  "integrity": "sha1-2TPOuSBdgr3PSIb2dCvcK03qFG0="
                }
              }
            },
            "loud-rejection": {
              "version": "1.6.0",
              "resolved": "https://registry.npmjs.org/loud-rejection/-/loud-rejection-1.6.0.tgz",
              "integrity": "sha1-W0b4AUft7leIcPCG0Eghz5mOVR8=",
              "requires": {
                "currently-unhandled": "^0.4.1",
                "signal-exit": "^3.0.0"
              },
              "dependencies": {
                "currently-unhandled": {
                  "version": "0.4.1",
                  "resolved": "https://registry.npmjs.org/currently-unhandled/-/currently-unhandled-0.4.1.tgz",
                  "integrity": "sha1-mI3zP+qxke95mmE2nddsF635V+o=",
                  "requires": {
                    "array-find-index": "^1.0.1"
                  },
                  "dependencies": {
                    "array-find-index": {
                      "version": "1.0.2",
                      "resolved": "https://registry.npmjs.org/array-find-index/-/array-find-index-1.0.2.tgz",
                      "integrity": "sha1-3wEKoSh+Fku9pvlyOwqWoexBh6E="
                    }
                  }
                },
                "signal-exit": {
                  "version": "3.0.2",
                  "resolved": "https://registry.npmjs.org/signal-exit/-/signal-exit-3.0.2.tgz",
                  "integrity": "sha1-tf3AjxKH6hF4Yo5BXiUTK3NkbG0="
                }
              }
            },
            "minimist-options": {
              "version": "3.0.2",
              "resolved": "https://registry.npmjs.org/minimist-options/-/minimist-options-3.0.2.tgz",
              "integrity": "sha1-+6TIGRM54T7PTWG+sD8HAQPz2VQ=",
              "requires": {
                "arrify": "^1.0.1",
                "is-plain-obj": "^1.1.0"
              },
              "dependencies": {
                "arrify": {
                  "version": "1.0.1",
                  "resolved": "https://registry.npmjs.org/arrify/-/arrify-1.0.1.tgz",
                  "integrity": "sha1-iYUI2iIm84DfkEcoRWhJwVAaSw0="
                },
                "is-plain-obj": {
                  "version": "1.1.0",
                  "resolved": "https://registry.npmjs.org/is-plain-obj/-/is-plain-obj-1.1.0.tgz",
                  "integrity": "sha1-caUMhCnfync8kqOQpKA7OfzVHT4="
                }
              }
            },
            "normalize-package-data": {
              "version": "2.5.0",
              "resolved": "https://registry.npmjs.org/normalize-package-data/-/normalize-package-data-2.5.0.tgz",
              "integrity": "sha1-5m2xg4sgDB38IzIl0SyzZSDiNKg=",
              "requires": {
                "hosted-git-info": "^2.1.4",
                "resolve": "^1.10.0",
                "semver": "2 || 3 || 4 || 5",
                "validate-npm-package-license": "^3.0.1"
              },
              "dependencies": {
                "hosted-git-info": {
                  "version": "2.7.1",
                  "resolved": "https://registry.npmjs.org/hosted-git-info/-/hosted-git-info-2.7.1.tgz",
                  "integrity": "sha1-l/I2l3vW4SVAiTD/bePuxigewEc="
                },
                "resolve": {
                  "version": "1.10.0",
                  "resolved": "https://registry.npmjs.org/resolve/-/resolve-1.10.0.tgz",
                  "integrity": "sha1-O9qur0XMB/N1ZW39LlTtCBCxAbo=",
                  "requires": {
                    "path-parse": "^1.0.6"
                  },
                  "dependencies": {
                    "path-parse": {
                      "version": "1.0.6",
                      "resolved": "https://registry.npmjs.org/path-parse/-/path-parse-1.0.6.tgz",
                      "integrity": "sha1-1i27VnlAXXLEc37FhgDp3c8G0kw="
                    }
                  }
                },
                "semver": {
                  "version": "5.7.0",
                  "resolved": "https://registry.npmjs.org/semver/-/semver-5.7.0.tgz",
                  "integrity": "sha1-eQp89v6lRZuslhELKbYEEtyP+Ws="
                },
                "validate-npm-package-license": {
                  "version": "3.0.4",
                  "resolved": "https://registry.npmjs.org/validate-npm-package-license/-/validate-npm-package-license-3.0.4.tgz",
                  "integrity": "sha1-/JH2uce6FchX9MssXe/uw51PQQo=",
                  "requires": {
                    "spdx-correct": "^3.0.0",
                    "spdx-expression-parse": "^3.0.0"
                  },
                  "dependencies": {
                    "spdx-correct": {
                      "version": "3.1.0",
                      "resolved": "https://registry.npmjs.org/spdx-correct/-/spdx-correct-3.1.0.tgz",
                      "integrity": "sha1-+4PlBERSaPFUsHTiGMh8ADzTHfQ=",
                      "requires": {
                        "spdx-expression-parse": "^3.0.0",
                        "spdx-license-ids": "^3.0.0"
                      },
                      "dependencies": {
                        "spdx-license-ids": {
                          "version": "3.0.3",
                          "resolved": "https://registry.npmjs.org/spdx-license-ids/-/spdx-license-ids-3.0.3.tgz",
                          "integrity": "sha1-gcDOjyFHR1YUi7tfO/wPNr8V124="
                        }
                      }
                    },
                    "spdx-expression-parse": {
                      "version": "3.0.0",
                      "resolved": "https://registry.npmjs.org/spdx-expression-parse/-/spdx-expression-parse-3.0.0.tgz",
                      "integrity": "sha1-meEZt6XaAOBUkcn6M4t5BII7QdA=",
                      "requires": {
                        "spdx-exceptions": "^2.1.0",
                        "spdx-license-ids": "^3.0.0"
                      },
                      "dependencies": {
                        "spdx-exceptions": {
                          "version": "2.2.0",
                          "resolved": "https://registry.npmjs.org/spdx-exceptions/-/spdx-exceptions-2.2.0.tgz",
                          "integrity": "sha1-LqRQrudPKom/uUUZwH/Nb0EyKXc="
                        },
                        "spdx-license-ids": {
                          "version": "3.0.3",
                          "resolved": "https://registry.npmjs.org/spdx-license-ids/-/spdx-license-ids-3.0.3.tgz",
                          "integrity": "sha1-gcDOjyFHR1YUi7tfO/wPNr8V124="
                        }
                      }
                    }
                  }
                }
              }
            },
            "read-pkg-up": {
              "version": "3.0.0",
              "resolved": "https://registry.npmjs.org/read-pkg-up/-/read-pkg-up-3.0.0.tgz",
              "integrity": "sha1-PtSWaF26D4/hGNBpHcUfSh/5bwc=",
              "requires": {
                "find-up": "^2.0.0",
                "read-pkg": "^3.0.0"
              },
              "dependencies": {
                "find-up": {
                  "version": "2.1.0",
                  "resolved": "https://registry.npmjs.org/find-up/-/find-up-2.1.0.tgz",
                  "integrity": "sha1-RdG35QbHF93UgndaK3eSCjwMV6c=",
                  "requires": {
                    "locate-path": "^2.0.0"
                  },
                  "dependencies": {
                    "locate-path": {
                      "version": "2.0.0",
                      "resolved": "https://registry.npmjs.org/locate-path/-/locate-path-2.0.0.tgz",
                      "integrity": "sha1-K1aLJl7slExtnA3pw9u7ygNUzY4=",
                      "requires": {
                        "p-locate": "^2.0.0",
                        "path-exists": "^3.0.0"
                      },
                      "dependencies": {
                        "p-locate": {
                          "version": "2.0.0",
                          "resolved": "https://registry.npmjs.org/p-locate/-/p-locate-2.0.0.tgz",
                          "integrity": "sha1-IKAQOyIqcMj9OcwuWAaA893l7EM=",
                          "requires": {
                            "p-limit": "^1.1.0"
                          },
                          "dependencies": {
                            "p-limit": {
                              "version": "1.3.0",
                              "resolved": "https://registry.npmjs.org/p-limit/-/p-limit-1.3.0.tgz",
                              "integrity": "sha1-uGvV8MJWkJEcdZD8v8IBDVSzzLg=",
                              "requires": {
                                "p-try": "^1.0.0"
                              },
                              "dependencies": {
                                "p-try": {
                                  "version": "1.0.0",
                                  "resolved": "https://registry.npmjs.org/p-try/-/p-try-1.0.0.tgz",
                                  "integrity": "sha1-y8ec26+P1CKOE/Yh8rGiN8GyB7M="
                                }
                              }
                            }
                          }
                        },
                        "path-exists": {
                          "version": "3.0.0",
                          "resolved": "https://registry.npmjs.org/path-exists/-/path-exists-3.0.0.tgz",
                          "integrity": "sha1-zg6+ql94yxiSXqfYENe1mwEP1RU="
                        }
                      }
                    }
                  }
                },
                "read-pkg": {
                  "version": "3.0.0",
                  "resolved": "https://registry.npmjs.org/read-pkg/-/read-pkg-3.0.0.tgz",
                  "integrity": "sha1-nLxoaXj+5l0WwA4rGcI3/Pbjg4k=",
                  "requires": {
                    "load-json-file": "^4.0.0",
                    "normalize-package-data": "^2.3.2",
                    "path-type": "^3.0.0"
                  },
                  "dependencies": {
                    "load-json-file": {
                      "version": "4.0.0",
                      "resolved": "https://registry.npmjs.org/load-json-file/-/load-json-file-4.0.0.tgz",
                      "integrity": "sha1-L19Fq5HjMhYjT9U62rZo607AmTs=",
                      "requires": {
                        "graceful-fs": "^4.1.2",
                        "parse-json": "^4.0.0",
                        "pify": "^3.0.0",
                        "strip-bom": "^3.0.0"
                      },
                      "dependencies": {
                        "graceful-fs": {
                          "version": "4.1.15",
                          "resolved": "https://registry.npmjs.org/graceful-fs/-/graceful-fs-4.1.15.tgz",
                          "integrity": "sha1-/7cD4QZuig7qpMi4C6klPu77+wA="
                        },
                        "parse-json": {
                          "version": "4.0.0",
                          "resolved": "https://registry.npmjs.org/parse-json/-/parse-json-4.0.0.tgz",
                          "integrity": "sha1-vjX1Qlvh9/bHRxhPmKeIy5lHfuA=",
                          "requires": {
                            "error-ex": "^1.3.1",
                            "json-parse-better-errors": "^1.0.1"
                          },
                          "dependencies": {
                            "error-ex": {
                              "version": "1.3.2",
                              "resolved": "https://registry.npmjs.org/error-ex/-/error-ex-1.3.2.tgz",
                              "integrity": "sha1-tKxAZIEH/c3PriQvQovqihTU8b8=",
                              "requires": {
                                "is-arrayish": "^0.2.1"
                              },
                              "dependencies": {
                                "is-arrayish": {
                                  "version": "0.2.1",
                                  "resolved": "https://registry.npmjs.org/is-arrayish/-/is-arrayish-0.2.1.tgz",
                                  "integrity": "sha1-d8mYQFJ6qOyxqLppe4BkWnqSap0="
                                }
                              }
                            },
                            "json-parse-better-errors": {
                              "version": "1.0.2",
                              "resolved": "https://registry.npmjs.org/json-parse-better-errors/-/json-parse-better-errors-1.0.2.tgz",
                              "integrity": "sha1-u4Z8+zRQ5pEHwTHRxRS6s9yLyqk="
                            }
                          }
                        },
                        "pify": {
                          "version": "3.0.0",
                          "resolved": "https://registry.npmjs.org/pify/-/pify-3.0.0.tgz",
                          "integrity": "sha1-5aSs0sEB/fPZpNB/DbxNtJ3SgXY="
                        },
                        "strip-bom": {
                          "version": "3.0.0",
                          "resolved": "https://registry.npmjs.org/strip-bom/-/strip-bom-3.0.0.tgz",
                          "integrity": "sha1-IzTBjpx1n3vdVv3vfprj1YjmjtM="
                        }
                      }
                    },
                    "path-type": {
                      "version": "3.0.0",
                      "resolved": "https://registry.npmjs.org/path-type/-/path-type-3.0.0.tgz",
                      "integrity": "sha1-zvMdyOCho7sNEFwM2Xzzv0f0428=",
                      "requires": {
                        "pify": "^3.0.0"
                      },
                      "dependencies": {
                        "pify": {
                          "version": "3.0.0",
                          "resolved": "https://registry.npmjs.org/pify/-/pify-3.0.0.tgz",
                          "integrity": "sha1-5aSs0sEB/fPZpNB/DbxNtJ3SgXY="
                        }
                      }
                    }
                  }
                }
              }
            },
            "redent": {
              "version": "2.0.0",
              "resolved": "https://registry.npmjs.org/redent/-/redent-2.0.0.tgz",
              "integrity": "sha1-wbIAe0LVfrE4kHmzyDM2OdXhzKo=",
              "requires": {
                "indent-string": "^3.0.0",
                "strip-indent": "^2.0.0"
              },
              "dependencies": {
                "indent-string": {
                  "version": "3.2.0",
                  "resolved": "https://registry.npmjs.org/indent-string/-/indent-string-3.2.0.tgz",
                  "integrity": "sha1-Sl/W0nzDMvN+VBmlBNu4NxBckok="
                },
                "strip-indent": {
                  "version": "2.0.0",
                  "resolved": "https://registry.npmjs.org/strip-indent/-/strip-indent-2.0.0.tgz",
                  "integrity": "sha1-XvjbKV0B5u1sv3qrlpmNeCJSe2g="
                }
              }
            },
            "trim-newlines": {
              "version": "2.0.0",
              "resolved": "https://registry.npmjs.org/trim-newlines/-/trim-newlines-2.0.0.tgz",
              "integrity": "sha1-tAPQuRvlDDMd/EuC7s6yLD3hbSA="
            },
            "yargs-parser": {
              "version": "10.1.0",
              "resolved": "https://registry.npmjs.org/yargs-parser/-/yargs-parser-10.1.0.tgz",
              "integrity": "sha1-cgImW4n36eny5XZeD+c1qQXtuqg=",
              "requires": {
                "camelcase": "^4.1.0"
              },
              "dependencies": {
                "camelcase": {
                  "version": "4.1.0",
                  "resolved": "https://registry.npmjs.org/camelcase/-/camelcase-4.1.0.tgz",
                  "integrity": "sha1-1UVjW+HjPFQmScaRc+Xeas+uNN0="
                }
              }
            }
          }
        },
        "round-to": {
          "version": "3.0.0",
          "resolved": "https://registry.npmjs.org/round-to/-/round-to-3.0.0.tgz",
          "integrity": "sha1-9FcXfWjlodnVV5ZSjNA9rqC7T7k="
        }
      }
    },
    "express": {
      "version": "4.16.4",
      "resolved": "https://registry.npmjs.org/express/-/express-4.16.4.tgz",
      "integrity": "sha1-/d72GSYQniTFFeqX/S8b2/Yt8S4=",
      "requires": {
        "accepts": "~1.3.5",
        "array-flatten": "1.1.1",
        "body-parser": "1.18.3",
        "content-disposition": "0.5.2",
        "content-type": "~1.0.4",
        "cookie": "0.3.1",
        "cookie-signature": "1.0.6",
        "debug": "2.6.9",
        "depd": "~1.1.2",
        "encodeurl": "~1.0.2",
        "escape-html": "~1.0.3",
        "etag": "~1.8.1",
        "finalhandler": "1.1.1",
        "fresh": "0.5.2",
        "merge-descriptors": "1.0.1",
        "methods": "~1.1.2",
        "on-finished": "~2.3.0",
        "parseurl": "~1.3.2",
        "path-to-regexp": "0.1.7",
        "proxy-addr": "~2.0.4",
        "qs": "6.5.2",
        "range-parser": "~1.2.0",
        "safe-buffer": "5.1.2",
        "send": "0.16.2",
        "serve-static": "1.13.2",
        "setprototypeof": "1.1.0",
        "statuses": "~1.4.0",
        "type-is": "~1.6.16",
        "utils-merge": "1.0.1",
        "vary": "~1.1.2"
      },
      "dependencies": {
        "accepts": {
          "version": "1.3.5",
          "resolved": "https://registry.npmjs.org/accepts/-/accepts-1.3.5.tgz",
          "integrity": "sha1-63d99gEXI6OxTopywIBcjoZ0a9I=",
          "requires": {
            "mime-types": "~2.1.18",
            "negotiator": "0.6.1"
          },
          "dependencies": {
            "mime-types": {
              "version": "2.1.22",
              "resolved": "https://registry.npmjs.org/mime-types/-/mime-types-2.1.22.tgz",
              "integrity": "sha1-/ms1WhkJJqt2mMmgVWoRGZshmb0=",
              "requires": {
                "mime-db": "~1.38.0"
              },
              "dependencies": {
                "mime-db": {
                  "version": "1.38.0",
                  "resolved": "https://registry.npmjs.org/mime-db/-/mime-db-1.38.0.tgz",
                  "integrity": "sha1-GiqrFtqesWe0nG5N8tnGjWPY4q0="
                }
              }
            },
            "negotiator": {
              "version": "0.6.1",
              "resolved": "https://registry.npmjs.org/negotiator/-/negotiator-0.6.1.tgz",
              "integrity": "sha1-KzJxhOiZIQEXeyhWP7XnECrNDKk="
            }
          }
        },
        "array-flatten": {
          "version": "1.1.1",
          "resolved": "https://registry.npmjs.org/array-flatten/-/array-flatten-1.1.1.tgz",
          "integrity": "sha1-ml9pkFGx5wczKPKgCJaLZOopVdI="
        },
        "body-parser": {
          "version": "1.18.3",
          "resolved": "https://registry.npmjs.org/body-parser/-/body-parser-1.18.3.tgz",
          "integrity": "sha1-WykhmP/dVTs6DyDe0FkrlWlVyLQ=",
          "requires": {
            "bytes": "3.0.0",
            "content-type": "~1.0.4",
            "debug": "2.6.9",
            "depd": "~1.1.2",
            "http-errors": "~1.6.3",
            "iconv-lite": "0.4.23",
            "on-finished": "~2.3.0",
            "qs": "6.5.2",
            "raw-body": "2.3.3",
            "type-is": "~1.6.16"
          },
          "dependencies": {
            "bytes": {
              "version": "3.0.0",
              "resolved": "https://registry.npmjs.org/bytes/-/bytes-3.0.0.tgz",
              "integrity": "sha1-0ygVQE1olpn4Wk6k+odV3ROpYEg="
            },
            "http-errors": {
              "version": "1.6.3",
              "resolved": "https://registry.npmjs.org/http-errors/-/http-errors-1.6.3.tgz",
              "integrity": "sha1-i1VoC7S+KDoLW/TqLjhYC+HZMg0=",
              "requires": {
                "depd": "~1.1.2",
                "inherits": "2.0.3",
                "setprototypeof": "1.1.0",
                "statuses": ">= 1.4.0 < 2"
              },
              "dependencies": {
                "inherits": {
                  "version": "2.0.3",
                  "resolved": "https://registry.npmjs.org/inherits/-/inherits-2.0.3.tgz",
                  "integrity": "sha1-Yzwsg+PaQqUC9SRmAiSA9CCCYd4="
                }
              }
            },
            "iconv-lite": {
              "version": "0.4.23",
              "resolved": "https://registry.npmjs.org/iconv-lite/-/iconv-lite-0.4.23.tgz",
              "integrity": "sha1-KXhx9jvlB63Pv8pxXQzQ7thOmmM=",
              "requires": {
                "safer-buffer": ">= 2.1.2 < 3"
              },
              "dependencies": {
                "safer-buffer": {
                  "version": "2.1.2",
                  "resolved": "https://registry.npmjs.org/safer-buffer/-/safer-buffer-2.1.2.tgz",
                  "integrity": "sha1-RPoWGwGHuVSd2Eu5GAL5vYOFzWo="
                }
              }
            },
            "raw-body": {
              "version": "2.3.3",
              "resolved": "https://registry.npmjs.org/raw-body/-/raw-body-2.3.3.tgz",
              "integrity": "sha1-GzJOzmtXBuFThVvBFIxlu39uoMM=",
              "requires": {
                "bytes": "3.0.0",
                "http-errors": "1.6.3",
                "iconv-lite": "0.4.23",
                "unpipe": "1.0.0"
              },
              "dependencies": {
                "unpipe": {
                  "version": "1.0.0",
                  "resolved": "https://registry.npmjs.org/unpipe/-/unpipe-1.0.0.tgz",
                  "integrity": "sha1-sr9O6FFKrmFltIF4KdIbLvSZBOw="
                }
              }
            }
          }
        },
        "content-disposition": {
          "version": "0.5.2",
          "resolved": "https://registry.npmjs.org/content-disposition/-/content-disposition-0.5.2.tgz",
          "integrity": "sha1-DPaLud318r55YcOoUXjLhdunjLQ="
        },
        "content-type": {
          "version": "1.0.4",
          "resolved": "https://registry.npmjs.org/content-type/-/content-type-1.0.4.tgz",
          "integrity": "sha1-4TjMdeBAxyexlm/l5fjJruJW/js="
        },
        "cookie": {
          "version": "0.3.1",
          "resolved": "https://registry.npmjs.org/cookie/-/cookie-0.3.1.tgz",
          "integrity": "sha1-5+Ch+e9DtMi6klxcWpboBtFoc7s="
        },
        "cookie-signature": {
          "version": "1.0.6",
          "resolved": "https://registry.npmjs.org/cookie-signature/-/cookie-signature-1.0.6.tgz",
          "integrity": "sha1-4wOogrNCzD7oylE6eZmXNNqzriw="
        },
        "debug": {
          "version": "2.6.9",
          "resolved": "https://registry.npmjs.org/debug/-/debug-2.6.9.tgz",
          "integrity": "sha1-XRKFFd8TT/Mn6QpMk/Tgd6U2NB8=",
          "requires": {
            "ms": "2.0.0"
          },
          "dependencies": {
            "ms": {
              "version": "2.0.0",
              "resolved": "https://registry.npmjs.org/ms/-/ms-2.0.0.tgz",
              "integrity": "sha1-VgiurfwAvmwpAd9fmGF4jeDVl8g="
            }
          }
        },
        "depd": {
          "version": "1.1.2",
          "resolved": "https://registry.npmjs.org/depd/-/depd-1.1.2.tgz",
          "integrity": "sha1-m81S4UwJd2PnSbJ0xDRu0uVgtak="
        },
        "encodeurl": {
          "version": "1.0.2",
          "resolved": "https://registry.npmjs.org/encodeurl/-/encodeurl-1.0.2.tgz",
          "integrity": "sha1-rT/0yG7C0CkyL1oCw6mmBslbP1k="
        },
        "escape-html": {
          "version": "1.0.3",
          "resolved": "https://registry.npmjs.org/escape-html/-/escape-html-1.0.3.tgz",
          "integrity": "sha1-Aljq5NPQwJdN4cFpGI7wBR0dGYg="
        },
        "etag": {
          "version": "1.8.1",
          "resolved": "https://registry.npmjs.org/etag/-/etag-1.8.1.tgz",
          "integrity": "sha1-Qa4u62XvpiJorr/qg6x9eSmbCIc="
        },
        "finalhandler": {
          "version": "1.1.1",
          "resolved": "https://registry.npmjs.org/finalhandler/-/finalhandler-1.1.1.tgz",
          "integrity": "sha1-7r9O2EAHnIP0JJA4ydcDAIMBsQU=",
          "requires": {
            "debug": "2.6.9",
            "encodeurl": "~1.0.2",
            "escape-html": "~1.0.3",
            "on-finished": "~2.3.0",
            "parseurl": "~1.3.2",
            "statuses": "~1.4.0",
            "unpipe": "~1.0.0"
          },
          "dependencies": {
            "unpipe": {
              "version": "1.0.0",
              "resolved": "https://registry.npmjs.org/unpipe/-/unpipe-1.0.0.tgz",
              "integrity": "sha1-sr9O6FFKrmFltIF4KdIbLvSZBOw="
            }
          }
        },
        "fresh": {
          "version": "0.5.2",
          "resolved": "https://registry.npmjs.org/fresh/-/fresh-0.5.2.tgz",
          "integrity": "sha1-PYyt2Q2XZWn6g1qx+OSyOhBWBac="
        },
        "merge-descriptors": {
          "version": "1.0.1",
          "resolved": "https://registry.npmjs.org/merge-descriptors/-/merge-descriptors-1.0.1.tgz",
          "integrity": "sha1-sAqqVW3YtEVoFQ7J0blT8/kMu2E="
        },
        "methods": {
          "version": "1.1.2",
          "resolved": "https://registry.npmjs.org/methods/-/methods-1.1.2.tgz",
          "integrity": "sha1-VSmk1nZUE07cxSZmVoNbD4Ua/O4="
        },
        "on-finished": {
          "version": "2.3.0",
          "resolved": "https://registry.npmjs.org/on-finished/-/on-finished-2.3.0.tgz",
          "integrity": "sha1-IPEzZIGwg811M3mSoWlxqi2QaUc=",
          "requires": {
            "ee-first": "1.1.1"
          },
          "dependencies": {
            "ee-first": {
              "version": "1.1.1",
              "resolved": "https://registry.npmjs.org/ee-first/-/ee-first-1.1.1.tgz",
              "integrity": "sha1-WQxhFWsK4vTwJVcyoViyZrxWsh0="
            }
          }
        },
        "parseurl": {
          "version": "1.3.2",
          "resolved": "https://registry.npmjs.org/parseurl/-/parseurl-1.3.2.tgz",
          "integrity": "sha1-/CidTtiZMRlGDBViUyYs3I3mW/M="
        },
        "path-to-regexp": {
          "version": "0.1.7",
          "resolved": "https://registry.npmjs.org/path-to-regexp/-/path-to-regexp-0.1.7.tgz",
          "integrity": "sha1-32BBeABfUi8V60SQ5yR6G/qmf4w="
        },
        "proxy-addr": {
          "version": "2.0.4",
          "resolved": "https://registry.npmjs.org/proxy-addr/-/proxy-addr-2.0.4.tgz",
          "integrity": "sha1-7PxzO/Iv+Mb0B/onUye5q2fki5M=",
          "requires": {
            "forwarded": "~0.1.2",
            "ipaddr.js": "1.8.0"
          },
          "dependencies": {
            "forwarded": {
              "version": "0.1.2",
              "resolved": "https://registry.npmjs.org/forwarded/-/forwarded-0.1.2.tgz",
              "integrity": "sha1-mMI9qxF1ZXuMBXPozszZGw/xjIQ="
            },
            "ipaddr.js": {
              "version": "1.8.0",
              "resolved": "https://registry.npmjs.org/ipaddr.js/-/ipaddr.js-1.8.0.tgz",
              "integrity": "sha1-6qM9bd16zo9/b+DJygRA5wZzix4="
            }
          }
        },
        "qs": {
          "version": "6.5.2",
          "resolved": "https://registry.npmjs.org/qs/-/qs-6.5.2.tgz",
          "integrity": "sha1-yzroBuh0BERYTvFUzo7pjUA/PjY="
        },
        "range-parser": {
          "version": "1.2.0",
          "resolved": "https://registry.npmjs.org/range-parser/-/range-parser-1.2.0.tgz",
          "integrity": "sha1-9JvmtIeJTdxA3MlKMi9hEJLgDV4="
        },
        "safe-buffer": {
          "version": "5.1.2",
          "resolved": "https://registry.npmjs.org/safe-buffer/-/safe-buffer-5.1.2.tgz",
          "integrity": "sha1-mR7GnSluAxN0fVm9/St0XDX4go0="
        },
        "send": {
          "version": "0.16.2",
          "resolved": "https://registry.npmjs.org/send/-/send-0.16.2.tgz",
          "integrity": "sha1-bsyh4PjBVtFBWXVZhI32RzCmu8E=",
          "requires": {
            "debug": "2.6.9",
            "depd": "~1.1.2",
            "destroy": "~1.0.4",
            "encodeurl": "~1.0.2",
            "escape-html": "~1.0.3",
            "etag": "~1.8.1",
            "fresh": "0.5.2",
            "http-errors": "~1.6.2",
            "mime": "1.4.1",
            "ms": "2.0.0",
            "on-finished": "~2.3.0",
            "range-parser": "~1.2.0",
            "statuses": "~1.4.0"
          },
          "dependencies": {
            "destroy": {
              "version": "1.0.4",
              "resolved": "https://registry.npmjs.org/destroy/-/destroy-1.0.4.tgz",
              "integrity": "sha1-l4hXRCxEdJ5CBmE+N5RiBYJqvYA="
            },
            "http-errors": {
              "version": "1.6.3",
              "resolved": "https://registry.npmjs.org/http-errors/-/http-errors-1.6.3.tgz",
              "integrity": "sha1-i1VoC7S+KDoLW/TqLjhYC+HZMg0=",
              "requires": {
                "depd": "~1.1.2",
                "inherits": "2.0.3",
                "setprototypeof": "1.1.0",
                "statuses": ">= 1.4.0 < 2"
              },
              "dependencies": {
                "inherits": {
                  "version": "2.0.3",
                  "resolved": "https://registry.npmjs.org/inherits/-/inherits-2.0.3.tgz",
                  "integrity": "sha1-Yzwsg+PaQqUC9SRmAiSA9CCCYd4="
                }
              }
            },
            "mime": {
              "version": "1.4.1",
              "resolved": "https://registry.npmjs.org/mime/-/mime-1.4.1.tgz",
              "integrity": "sha1-Eh+evEnjdm8xGnbh+hyAA8SwOqY="
            },
            "ms": {
              "version": "2.0.0",
              "resolved": "https://registry.npmjs.org/ms/-/ms-2.0.0.tgz",
              "integrity": "sha1-VgiurfwAvmwpAd9fmGF4jeDVl8g="
            }
          }
        },
        "serve-static": {
          "version": "1.13.2",
          "resolved": "https://registry.npmjs.org/serve-static/-/serve-static-1.13.2.tgz",
          "integrity": "sha1-CV6Ecv1bRiN9tQzkhqQ/S4bGzsE=",
          "requires": {
            "encodeurl": "~1.0.2",
            "escape-html": "~1.0.3",
            "parseurl": "~1.3.2",
            "send": "0.16.2"
          }
        },
        "setprototypeof": {
          "version": "1.1.0",
          "resolved": "https://registry.npmjs.org/setprototypeof/-/setprototypeof-1.1.0.tgz",
          "integrity": "sha1-0L2FU2iHtv58DYGMuWLZ2RxU5lY="
        },
        "statuses": {
          "version": "1.4.0",
          "resolved": "https://registry.npmjs.org/statuses/-/statuses-1.4.0.tgz",
          "integrity": "sha1-u3PURtonlhBu/MG2AaJT1sRr0Ic="
        },
        "type-is": {
          "version": "1.6.16",
          "resolved": "https://registry.npmjs.org/type-is/-/type-is-1.6.16.tgz",
          "integrity": "sha1-+JzjQVQcZysl7nrjxz3uOyvlAZQ=",
          "requires": {
            "media-typer": "0.3.0",
            "mime-types": "~2.1.18"
          },
          "dependencies": {
            "media-typer": {
              "version": "0.3.0",
              "resolved": "https://registry.npmjs.org/media-typer/-/media-typer-0.3.0.tgz",
              "integrity": "sha1-hxDXrwqmJvj/+hzgAWhUUmMlV0g="
            },
            "mime-types": {
              "version": "2.1.22",
              "resolved": "https://registry.npmjs.org/mime-types/-/mime-types-2.1.22.tgz",
              "integrity": "sha1-/ms1WhkJJqt2mMmgVWoRGZshmb0=",
              "requires": {
                "mime-db": "~1.38.0"
              },
              "dependencies": {
                "mime-db": {
                  "version": "1.38.0",
                  "resolved": "https://registry.npmjs.org/mime-db/-/mime-db-1.38.0.tgz",
                  "integrity": "sha1-GiqrFtqesWe0nG5N8tnGjWPY4q0="
                }
              }
            }
          }
        },
        "utils-merge": {
          "version": "1.0.1",
          "resolved": "https://registry.npmjs.org/utils-merge/-/utils-merge-1.0.1.tgz",
          "integrity": "sha1-n5VxD1CiZ5R7LMwSR0HBAoQn5xM="
        },
        "vary": {
          "version": "1.1.2",
          "resolved": "https://registry.npmjs.org/vary/-/vary-1.1.2.tgz",
          "integrity": "sha1-IpnwLG3tMNSllhsLn3RSShj2NPw="
        }
      }
    },
    "file-uri-to-path": {
      "version": "1.0.0",
      "resolved": "https://registry.npmjs.org/file-uri-to-path/-/file-uri-to-path-1.0.0.tgz",
      "integrity": "sha512-0Zt+s3L7Vf1biwWZ29aARiVYLx7iMGnEUl9x33fbB/j3jR81u/O2LbqK+Bm1CDSNDKVtJ/YjwY7TUd5SkeLQLw=="
    },
    "follow-redirects": {
      "version": "1.9.0",
      "resolved": "https://registry.npmjs.org/follow-redirects/-/follow-redirects-1.9.0.tgz",
      "integrity": "sha512-CRcPzsSIbXyVDl0QI01muNDu69S8trU4jArW9LpOt2WtC6LyUJetcIrmfHsRBx7/Jb6GHJUiuqyYxPooFfNt6A==",
      "requires": {
        "debug": "^3.0.0"
      }
    },
    "graceful-fs": {
      "version": "4.1.15",
      "resolved": "https://registry.npmjs.org/graceful-fs/-/graceful-fs-4.1.15.tgz",
      "integrity": "sha512-6uHUhOPEBgQ24HM+r6b/QwWfZq+yiFcipKFrOFiBEnWdy5sdzYoi+pJeQaPI5qOLRFqWmAXUPQNsielzdLoecA=="
    },
    "imurmurhash": {
      "version": "0.1.4",
      "resolved": "https://registry.npmjs.org/imurmurhash/-/imurmurhash-0.1.4.tgz",
      "integrity": "sha1-khi5srkoojixPcT7a21XbyMUU+o="
    },
    "is-buffer": {
      "version": "1.1.6",
      "resolved": "https://registry.npmjs.org/is-buffer/-/is-buffer-1.1.6.tgz",
      "integrity": "sha512-NcdALwpXkTm5Zvvbk7owOUSvVvBKDgKP5/ewfXEznmQFfs4ZRmanOeKBTjRVjka3QFoN6XJ+9F3USqfHqTaU5w=="
    },
    "lodash.clone": {
      "version": "4.5.0",
      "resolved": "https://registry.npmjs.org/lodash.clone/-/lodash.clone-4.5.0.tgz",
      "integrity": "sha1-GVhwRQ9aExkkeN9Lw9I9LeoZB7Y="
    },
    "mcp-spi-adc": {
      "version": "2.0.5",
      "resolved": "https://registry.npmjs.org/mcp-spi-adc/-/mcp-spi-adc-2.0.5.tgz",
      "integrity": "sha512-HgfZm8zp5SsUrc6UpPrMlHDSXTnwGMLJKt+BYv1QiecYN/ZkUKXf0akLA3sQXBx3k8a7PD/TQtvj/f2RfdKNUw==",
      "requires": {
        "lodash.clone": "^4.5.0",
        "spi-device": "^2.0.7"
      }
    },
    "ms": {
      "version": "2.1.2",
      "resolved": "https://registry.npmjs.org/ms/-/ms-2.1.2.tgz",
      "integrity": "sha512-sGkPx+VjMtmA6MX27oA4FBFELFCZZ4S4XqeGOXCv68tT+jb3vk/RyaKWP0PTKyWtmLSM0b+adUTEvbs1PEaH2w=="
    },
    "nan": {
      "version": "2.13.2",
      "resolved": "https://registry.npmjs.org/nan/-/nan-2.13.2.tgz",
      "integrity": "sha512-TghvYc72wlMGMVMluVo9WRJc0mB8KxxF/gZ4YYFy7V2ZQX9l7rgbPg7vjS9mt6U5HXODVFVI2bOduCzwOMv/lw=="
    },
    "node-localstorage": {
      "version": "1.3.1",
      "resolved": "https://registry.npmjs.org/node-localstorage/-/node-localstorage-1.3.1.tgz",
      "integrity": "sha512-NMWCSWWc6JbHT5PyWlNT2i8r7PgGYXVntmKawY83k/M0UJScZ5jirb61TLnqKwd815DfBQu+lR3sRw08SPzIaQ==",
      "requires": {
        "write-file-atomic": "^1.1.4"
      }
    },
    "node-mcp23017": {
      "version": "0.0.4",
      "resolved": "https://registry.npmjs.org/node-mcp23017/-/node-mcp23017-0.0.4.tgz",
      "integrity": "sha1-nx1+hwkU+nbgWoMxQx2nazWj1Yc=",
      "requires": {
        "i2c": "0.2.3"
      },
      "dependencies": {
        "i2c": {
          "version": "0.2.3",
          "resolved": "https://registry.npmjs.org/i2c/-/i2c-0.2.3.tgz",
          "integrity": "sha1-9D9wKBQQJq5IrymQo3RjPR2rPSs=",
          "requires": {
            "bindings": "1.2.1",
            "coffee-script": "1.9.1",
            "nan": "~2.3.5",
            "repl": "0.1.3",
            "underscore": "1.8.2"
          },
          "dependencies": {
            "bindings": {
              "version": "1.2.1",
              "resolved": "https://registry.npmjs.org/bindings/-/bindings-1.2.1.tgz",
              "integrity": "sha1-FK1hE4EtLTfXLme0ystLtyZQXxE="
            },
            "coffee-script": {
              "version": "1.9.1",
              "resolved": "https://registry.npmjs.org/coffee-script/-/coffee-script-1.9.1.tgz",
              "integrity": "sha1-xFjQIgD0YNBkp5y2qx7m4snKHDE="
            },
            "nan": {
              "version": "2.3.5",
              "resolved": "https://registry.npmjs.org/nan/-/nan-2.3.5.tgz",
              "integrity": "sha1-gioNwmYpDOTNOhIoLKPn42Rmigg="
            },
            "repl": {
              "version": "0.1.3",
              "resolved": "https://registry.npmjs.org/repl/-/repl-0.1.3.tgz",
              "integrity": "sha1-LwXUKwyItD0FzL2hDtFK7/Vpm2A="
            },
            "underscore": {
              "version": "1.8.2",
              "resolved": "https://registry.npmjs.org/underscore/-/underscore-1.8.2.tgz",
              "integrity": "sha1-ZN8utZCJnelQeC83NRkLpC6/MR0="
            }
          }
        }
      }
    },
    "slide": {
      "version": "1.1.6",
      "resolved": "https://registry.npmjs.org/slide/-/slide-1.1.6.tgz",
      "integrity": "sha1-VusCfWW00tzmyy4tMsTUr8nh1wc="
    },
    "spi-device": {
      "version": "2.0.7",
      "resolved": "https://registry.npmjs.org/spi-device/-/spi-device-2.0.7.tgz",
      "integrity": "sha512-rGiFIx4UXRntF3dqktvfSqc58YjHqLat4dugv7SMlkdZpwNlSOC/wVfNTe+sBa9Esrpdnwbd6Nskq9ru8aDJwg==",
      "requires": {
        "bindings": "^1.5.0",
        "nan": "^2.13.1"
      }
    },
    "write-file-atomic": {
      "version": "1.3.4",
      "resolved": "https://registry.npmjs.org/write-file-atomic/-/write-file-atomic-1.3.4.tgz",
      "integrity": "sha1-+Aek8LHZ6ROuekgRLmzDrxmRtF8=",
      "requires": {
        "graceful-fs": "^4.1.11",
        "imurmurhash": "^0.1.4",
        "slide": "^1.1.5"
      }
    }
  }
}
